
Microsoft Visual Studio Solution File, Format Version 12.00
# Visual Studio Version 16
VisualStudioVersion = 16.0.808.10
MinimumVisualStudioVersion = 10.0.40219.1
Project("{FAE04EC0-301F-11D3-BF4B-00C04F79EFBC}") = "FormsAccessibilityDemo.Android", "FormsAccessibilityDemo.Android\FormsAccessibilityDemo.Android.csproj", "{2AD31A80-C964-4D16-8D89-78C014669655}"
EndProject
Project("{FAE04EC0-301F-11D3-BF4B-00C04F79EFBC}") = "FormsAccessibilityDemo.iOS", "FormsAccessibilityDemo.iOS\FormsAccessibilityDemo.iOS.csproj", "{357AC684-63B3-47C9-AF36-97D55404A0B2}"
EndProject
Project("{FAE04EC0-301F-11D3-BF4B-00C04F79EFBC}") = "FormsAccessibilityDemo", "FormsAccessibilityDemo\FormsAccessibilityDemo.csproj", "{1687EE1C-C331-4368-98A0-AAC4883452D4}"
EndProject
Global
	GlobalSection(SolutionConfigurationPlatforms) = preSolution
		Debug|Any CPU = Debug|Any CPU
		Release|Any CPU = Release|Any CPU
		Debug|iPhoneSimulator = Debug|iPhoneSimulator
		Release|iPhoneSimulator = Release|iPhoneSimulator
		Debug|iPhone = Debug|iPhone
		Release|iPhone = Release|iPhone
	EndGlobalSection
	GlobalSection(ProjectConfigurationPlatforms) = postSolution
		{2AD31A80-C964-4D16-8D89-78C014669655}.Debug|Any CPU.ActiveCfg = Debug|Any CPU
		{2AD31A80-C964-4D16-8D89-78C014669655}.Debug|Any CPU.Build.0 = Debug|Any CPU
		{2AD31A80-C964-4D16-8D89-78C014669655}.Release|Any CPU.ActiveCfg = Release|Any CPU
		{2AD31A80-C964-4D16-8D89-78C014669655}.Release|Any CPU.Build.0 = Release|Any CPU
		{2AD31A80-C964-4D16-8D89-78C014669655}.Debug|iPhoneSimulator.ActiveCfg = Debug|Any CPU
		{2AD31A80-C964-4D16-8D89-78C014669655}.Debug|iPhoneSimulator.Build.0 = Debug|Any CPU
		{2AD31A80-C964-4D16-8D89-78C014669655}.Release|iPhoneSimulator.ActiveCfg = Release|Any CPU
		{2AD31A80-C964-4D16-8D89-78C014669655}.Release|iPhoneSimulator.Build.0 = Release|Any CPU
		{2AD31A80-C964-4D16-8D89-78C014669655}.Debug|iPhone.ActiveCfg = Debug|Any CPU
		{2AD31A80-C964-4D16-8D89-78C014669655}.Debug|iPhone.Build.0 = Debug|Any CPU
		{2AD31A80-C964-4D16-8D89-78C014669655}.Release|iPhone.ActiveCfg = Release|Any CPU
		{2AD31A80-C964-4D16-8D89-78C014669655}.Release|iPhone.Build.0 = Release|Any CPU
		{357AC684-63B3-47C9-AF36-97D55404A0B2}.Debug|Any CPU.ActiveCfg = Debug|iPhoneSimulator
		{357AC684-63B3-47C9-AF36-97D55404A0B2}.Debug|Any CPU.Build.0 = Debug|iPhoneSimulator
		{357AC684-63B3-47C9-AF36-97D55404A0B2}.Release|Any CPU.ActiveCfg = Release|iPhoneSimulator
		{357AC684-63B3-47C9-AF36-97D55404A0B2}.Release|Any CPU.Build.0 = Release|iPhoneSimulator
		{357AC684-63B3-47C9-AF36-97D55404A0B2}.Debug|iPhoneSimulator.ActiveCfg = Debug|iPhoneSimulator
		{357AC684-63B3-47C9-AF36-97D55404A0B2}.Debug|iPhoneSimulator.Build.0 = Debug|iPhoneSimulator
		{357AC684-63B3-47C9-AF36-97D55404A0B2}.Release|iPhoneSimulator.ActiveCfg = Release|iPhoneSimulator
		{357AC684-63B3-47C9-AF36-97D55404A0B2}.Release|iPhoneSimulator.Build.0 = Release|iPhoneSimulator
		{357AC684-63B3-47C9-AF36-97D55404A0B2}.Debug|iPhone.ActiveCfg = Debug|iPhone
		{357AC684-63B3-47C9-AF36-97D55404A0B2}.Debug|iPhone.Build.0 = Debug|iPhone
		{357AC684-63B3-47C9-AF36-97D55404A0B2}.Release|iPhone.ActiveCfg = Release|iPhone
		{357AC684-63B3-47C9-AF36-97D55404A0B2}.Release|iPhone.Build.0 = Release|iPhone
		{1687EE1C-C331-4368-98A0-AAC4883452D4}.Debug|Any CPU.ActiveCfg = Debug|Any CPU
		{1687EE1C-C331-4368-98A0-AAC4883452D4}.Debug|Any CPU.Build.0 = Debug|Any CPU
		{1687EE1C-C331-4368-98A0-AAC4883452D4}.Release|Any CPU.ActiveCfg = Release|Any CPU
		{1687EE1C-C331-4368-98A0-AAC4883452D4}.Release|Any CPU.Build.0 = Release|Any CPU
		{1687EE1C-C331-4368-98A0-AAC4883452D4}.Debug|iPhoneSimulator.ActiveCfg = Debug|Any CPU
		{1687EE1C-C331-4368-98A0-AAC4883452D4}.Debug|iPhoneSimulator.Build.0 = Debug|Any CPU
		{1687EE1C-C331-4368-98A0-AAC4883452D4}.Release|iPhoneSimulator.ActiveCfg = Release|Any CPU
		{1687EE1C-C331-4368-98A0-AAC4883452D4}.Release|iPhoneSimulator.Build.0 = Release|Any CPU
		{1687EE1C-C331-4368-98A0-AAC4883452D4}.Debug|iPhone.ActiveCfg = Debug|Any CPU
		{1687EE1C-C331-4368-98A0-AAC4883452D4}.Debug|iPhone.Build.0 = Debug|Any CPU
		{1687EE1C-C331-4368-98A0-AAC4883452D4}.Release|iPhone.ActiveCfg = Release|Any CPU
		{1687EE1C-C331-4368-98A0-AAC4883452D4}.Release|iPhone.Build.0 = Release|Any CPU
	EndGlobalSection
	GlobalSection(SolutionProperties) = preSolution
		HideSolutionNode = FALSE
	EndGlobalSection
	GlobalSection(ExtensibilityGlobals) = postSolution
		SolutionGuid = {618450D1-337C-4269-827F-D6F5A096F7BB}
	EndGlobalSection
EndGlobal
